
Microsoft Visual Studio Solution File, Format Version 12.00
# Visual Studio 15
VisualStudioVersion = 15.0.28307.106
MinimumVisualStudioVersion = 10.0.40219.1
Project("{9A19103F-16F7-4668-BE54-9A1E7A4F7556}") = "Cheviri.Common", "Source\Cheviri.Common\Cheviri.Common.csproj", "{564E7A06-52AB-44DB-A9FF-99FF9F534B34}"
EndProject
Project("{2150E333-8FDC-42A3-9474-1A3956D46DE8}") = "Common", "Common", "{9F9E32CE-C9AA-4879-AF02-57F87F33D64C}"
EndProject
Project("{2150E333-8FDC-42A3-9474-1A3956D46DE8}") = "Test", "Test", "{1D04E83B-09D1-43D3-8C3C-2217E023ADCD}"
EndProject
Project("{2150E333-8FDC-42A3-9474-1A3956D46DE8}") = "Client", "Client", "{BA13D279-8AFC-4EEA-8650-5082E6495AAB}"
EndProject
Project("{2150E333-8FDC-42A3-9474-1A3956D46DE8}") = "Server", "Server", "{07DABBA1-4701-477A-9237-9FC4E70AA937}"
EndProject
Project("{2150E333-8FDC-42A3-9474-1A3956D46DE8}") = "Tool", "Tool", "{509928CB-9B32-4728-B721-D2FB7EB7CA35}"
EndProject
Project("{9A19103F-16F7-4668-BE54-9A1E7A4F7556}") = "Cheviri.Tests", "Test\Cheviri.Tests\Cheviri.Tests.csproj", "{78D3FEE3-AC00-439B-9F8C-B349C5D0D2A4}"
EndProject
Project("{FAE04EC0-301F-11D3-BF4B-00C04F79EFBC}") = "Cheviri.Data", "Source\Cheviri.Data\Cheviri.Data.csproj", "{DAB81FBB-DC6E-4A9D-BD0A-7BE1FEB2B7F5}"
EndProject
Global
	GlobalSection(SolutionConfigurationPlatforms) = preSolution
		Debug|Any CPU = Debug|Any CPU
		Release|Any CPU = Release|Any CPU
	EndGlobalSection
	GlobalSection(ProjectConfigurationPlatforms) = postSolution
		{564E7A06-52AB-44DB-A9FF-99FF9F534B34}.Debug|Any CPU.ActiveCfg = Debug|Any CPU
		{564E7A06-52AB-44DB-A9FF-99FF9F534B34}.Debug|Any CPU.Build.0 = Debug|Any CPU
		{564E7A06-52AB-44DB-A9FF-99FF9F534B34}.Release|Any CPU.ActiveCfg = Release|Any CPU
		{564E7A06-52AB-44DB-A9FF-99FF9F534B34}.Release|Any CPU.Build.0 = Release|Any CPU
		{78D3FEE3-AC00-439B-9F8C-B349C5D0D2A4}.Debug|Any CPU.ActiveCfg = Debug|Any CPU
		{78D3FEE3-AC00-439B-9F8C-B349C5D0D2A4}.Debug|Any CPU.Build.0 = Debug|Any CPU
		{78D3FEE3-AC00-439B-9F8C-B349C5D0D2A4}.Release|Any CPU.ActiveCfg = Release|Any CPU
		{78D3FEE3-AC00-439B-9F8C-B349C5D0D2A4}.Release|Any CPU.Build.0 = Release|Any CPU
		{DAB81FBB-DC6E-4A9D-BD0A-7BE1FEB2B7F5}.Debug|Any CPU.ActiveCfg = Debug|Any CPU
		{DAB81FBB-DC6E-4A9D-BD0A-7BE1FEB2B7F5}.Debug|Any CPU.Build.0 = Debug|Any CPU
		{DAB81FBB-DC6E-4A9D-BD0A-7BE1FEB2B7F5}.Release|Any CPU.ActiveCfg = Release|Any CPU
		{DAB81FBB-DC6E-4A9D-BD0A-7BE1FEB2B7F5}.Release|Any CPU.Build.0 = Release|Any CPU
	EndGlobalSection
	GlobalSection(SolutionProperties) = preSolution
		HideSolutionNode = FALSE
	EndGlobalSection
	GlobalSection(NestedProjects) = preSolution
		{564E7A06-52AB-44DB-A9FF-99FF9F534B34} = {9F9E32CE-C9AA-4879-AF02-57F87F33D64C}
		{78D3FEE3-AC00-439B-9F8C-B349C5D0D2A4} = {1D04E83B-09D1-43D3-8C3C-2217E023ADCD}
		{DAB81FBB-DC6E-4A9D-BD0A-7BE1FEB2B7F5} = {07DABBA1-4701-477A-9237-9FC4E70AA937}
	EndGlobalSection
	GlobalSection(ExtensibilityGlobals) = postSolution
		SolutionGuid = {0DF2FB4D-A2C4-45BF-BEF9-227039B063A2}
	EndGlobalSection
EndGlobal
